
Microsoft Visual Studio Solution File, Format Version 12.00
# Visual Studio 15
VisualStudioVersion = 15.0.27130.2027
MinimumVisualStudioVersion = 10.0.40219.1
Project("{FAE04EC0-301F-11D3-BF4B-00C04F79EFBC}") = "AppGit.Android", "AppGit\AppGit.Android\AppGit.Android.csproj", "{6CA366F5-0481-496A-BCA0-C2E4A812DCEE}"
EndProject
Project("{FAE04EC0-301F-11D3-BF4B-00C04F79EFBC}") = "AppGit", "AppGit\AppGit\AppGit.csproj", "{7E16BBDA-0E01-42CB-9F8D-43D699B02480}"
EndProject
Global
	GlobalSection(SolutionConfigurationPlatforms) = preSolution
		Debug|Any CPU = Debug|Any CPU
		Release|Any CPU = Release|Any CPU
	EndGlobalSection
	GlobalSection(ProjectConfigurationPlatforms) = postSolution
		{6CA366F5-0481-496A-BCA0-C2E4A812DCEE}.Debug|Any CPU.ActiveCfg = Debug|Any CPU
		{6CA366F5-0481-496A-BCA0-C2E4A812DCEE}.Debug|Any CPU.Build.0 = Debug|Any CPU
		{6CA366F5-0481-496A-BCA0-C2E4A812DCEE}.Debug|Any CPU.Deploy.0 = Debug|Any CPU
		{6CA366F5-0481-496A-BCA0-C2E4A812DCEE}.Release|Any CPU.ActiveCfg = Release|Any CPU
		{6CA366F5-0481-496A-BCA0-C2E4A812DCEE}.Release|Any CPU.Build.0 = Release|Any CPU
		{6CA366F5-0481-496A-BCA0-C2E4A812DCEE}.Release|Any CPU.Deploy.0 = Release|Any CPU
		{7E16BBDA-0E01-42CB-9F8D-43D699B02480}.Debug|Any CPU.ActiveCfg = Debug|Any CPU
		{7E16BBDA-0E01-42CB-9F8D-43D699B02480}.Debug|Any CPU.Build.0 = Debug|Any CPU
		{7E16BBDA-0E01-42CB-9F8D-43D699B02480}.Release|Any CPU.ActiveCfg = Release|Any CPU
		{7E16BBDA-0E01-42CB-9F8D-43D699B02480}.Release|Any CPU.Build.0 = Release|Any CPU
	EndGlobalSection
	GlobalSection(SolutionProperties) = preSolution
		HideSolutionNode = FALSE
	EndGlobalSection
	GlobalSection(ExtensibilityGlobals) = postSolution
		SolutionGuid = {3ABAC556-4AB1-4DD2-B173-3EBF927A86BE}
	EndGlobalSection
EndGlobal
